
Microsoft Visual Studio Solution File, Format Version 12.00
# Visual Studio 15
Project("{FAE04EC0-301F-11D3-BF4B-00C04F79EFBC}") = "Lucid Nightmare Maze", "Lucid Nightmare Maze.csproj", "{613ECB20-222D-9ED2-FDF6-A60A3A38E58D}"
EndProject
Project("{FAE04EC0-301F-11D3-BF4B-00C04F79EFBC}") = "Lucid Nightmare Maze.Editor", "Lucid Nightmare Maze.Editor.csproj", "{48924F4C-0E6A-6519-A742-FDFB6F255753}"
EndProject
Global
	GlobalSection(SolutionConfigurationPlatforms) = preSolution
		Debug|Any CPU = Debug|Any CPU
		Release|Any CPU = Release|Any CPU
	EndGlobalSection
	GlobalSection(ProjectConfigurationPlatforms) = postSolution
		{613ECB20-222D-9ED2-FDF6-A60A3A38E58D}.Debug|Any CPU.ActiveCfg = Debug|Any CPU
		{613ECB20-222D-9ED2-FDF6-A60A3A38E58D}.Debug|Any CPU.Build.0 = Debug|Any CPU
		{613ECB20-222D-9ED2-FDF6-A60A3A38E58D}.Release|Any CPU.ActiveCfg = Release|Any CPU
		{613ECB20-222D-9ED2-FDF6-A60A3A38E58D}.Release|Any CPU.Build.0 = Release|Any CPU
		{48924F4C-0E6A-6519-A742-FDFB6F255753}.Debug|Any CPU.ActiveCfg = Debug|Any CPU
		{48924F4C-0E6A-6519-A742-FDFB6F255753}.Debug|Any CPU.Build.0 = Debug|Any CPU
		{48924F4C-0E6A-6519-A742-FDFB6F255753}.Release|Any CPU.ActiveCfg = Release|Any CPU
		{48924F4C-0E6A-6519-A742-FDFB6F255753}.Release|Any CPU.Build.0 = Release|Any CPU
	EndGlobalSection
	GlobalSection(SolutionProperties) = preSolution
		HideSolutionNode = FALSE
	EndGlobalSection
EndGlobal
